
Microsoft Visual Studio Solution File, Format Version 12.00
# Visual Studio Version 16
VisualStudioVersion = 16.0.30320.27
MinimumVisualStudioVersion = 10.0.40219.1
Project("{FAE04EC0-301F-11D3-BF4B-00C04F79EFBC}") = "CommonLib", "CommonLib\CommonLib.csproj", "{E4B270D1-4699-4527-AEDE-85805DAB086F}"
EndProject
Project("{FAE04EC0-301F-11D3-BF4B-00C04F79EFBC}") = "DataAccessBusiness", "DataAccessBusiness\DataAccessBusiness.csproj", "{A509C4D6-9744-478D-B8FE-1CE8EF76D15D}"
EndProject
Project("{FAE04EC0-301F-11D3-BF4B-00C04F79EFBC}") = "DataAccessPortal", "DataAccessPortal\DataAccessPortal.csproj", "{A8E29287-D3BD-4FC4-88D0-BAFD27E59054}"
EndProject
Project("{FAE04EC0-301F-11D3-BF4B-00C04F79EFBC}") = "Vzah", "Vzah\Vzah.csproj", "{A5859E0E-3C08-4045-B8DC-B3FB13655B00}"
EndProject
Project("{FAE04EC0-301F-11D3-BF4B-00C04F79EFBC}") = "ModelPortal", "ModelPortal\ModelPortal.csproj", "{3BC96B32-FB92-4133-BE2B-448AA9E75290}"
EndProject
Project("{FAE04EC0-301F-11D3-BF4B-00C04F79EFBC}") = "Vzahapi", "Vzahapi\Vzahapi.csproj", "{883AF8F8-C81A-450C-9D23-16EDF146B6DA}"
EndProject
Global
	GlobalSection(SolutionConfigurationPlatforms) = preSolution
		Debug|Any CPU = Debug|Any CPU
		Release|Any CPU = Release|Any CPU
	EndGlobalSection
	GlobalSection(ProjectConfigurationPlatforms) = postSolution
		{E4B270D1-4699-4527-AEDE-85805DAB086F}.Debug|Any CPU.ActiveCfg = Debug|Any CPU
		{E4B270D1-4699-4527-AEDE-85805DAB086F}.Debug|Any CPU.Build.0 = Debug|Any CPU
		{E4B270D1-4699-4527-AEDE-85805DAB086F}.Release|Any CPU.ActiveCfg = Release|Any CPU
		{E4B270D1-4699-4527-AEDE-85805DAB086F}.Release|Any CPU.Build.0 = Release|Any CPU
		{A509C4D6-9744-478D-B8FE-1CE8EF76D15D}.Debug|Any CPU.ActiveCfg = Debug|Any CPU
		{A509C4D6-9744-478D-B8FE-1CE8EF76D15D}.Debug|Any CPU.Build.0 = Debug|Any CPU
		{A509C4D6-9744-478D-B8FE-1CE8EF76D15D}.Release|Any CPU.ActiveCfg = Release|Any CPU
		{A509C4D6-9744-478D-B8FE-1CE8EF76D15D}.Release|Any CPU.Build.0 = Release|Any CPU
		{A8E29287-D3BD-4FC4-88D0-BAFD27E59054}.Debug|Any CPU.ActiveCfg = Debug|Any CPU
		{A8E29287-D3BD-4FC4-88D0-BAFD27E59054}.Debug|Any CPU.Build.0 = Debug|Any CPU
		{A8E29287-D3BD-4FC4-88D0-BAFD27E59054}.Release|Any CPU.ActiveCfg = Release|Any CPU
		{A8E29287-D3BD-4FC4-88D0-BAFD27E59054}.Release|Any CPU.Build.0 = Release|Any CPU
		{A5859E0E-3C08-4045-B8DC-B3FB13655B00}.Debug|Any CPU.ActiveCfg = Debug|Any CPU
		{A5859E0E-3C08-4045-B8DC-B3FB13655B00}.Debug|Any CPU.Build.0 = Debug|Any CPU
		{A5859E0E-3C08-4045-B8DC-B3FB13655B00}.Release|Any CPU.ActiveCfg = Release|Any CPU
		{A5859E0E-3C08-4045-B8DC-B3FB13655B00}.Release|Any CPU.Build.0 = Release|Any CPU
		{3BC96B32-FB92-4133-BE2B-448AA9E75290}.Debug|Any CPU.ActiveCfg = Debug|Any CPU
		{3BC96B32-FB92-4133-BE2B-448AA9E75290}.Debug|Any CPU.Build.0 = Debug|Any CPU
		{3BC96B32-FB92-4133-BE2B-448AA9E75290}.Release|Any CPU.ActiveCfg = Release|Any CPU
		{3BC96B32-FB92-4133-BE2B-448AA9E75290}.Release|Any CPU.Build.0 = Release|Any CPU
		{883AF8F8-C81A-450C-9D23-16EDF146B6DA}.Debug|Any CPU.ActiveCfg = Debug|Any CPU
		{883AF8F8-C81A-450C-9D23-16EDF146B6DA}.Debug|Any CPU.Build.0 = Debug|Any CPU
		{883AF8F8-C81A-450C-9D23-16EDF146B6DA}.Release|Any CPU.ActiveCfg = Release|Any CPU
		{883AF8F8-C81A-450C-9D23-16EDF146B6DA}.Release|Any CPU.Build.0 = Release|Any CPU
	EndGlobalSection
	GlobalSection(SolutionProperties) = preSolution
		HideSolutionNode = FALSE
	EndGlobalSection
	GlobalSection(ExtensibilityGlobals) = postSolution
		SolutionGuid = {86FE354C-DE4F-4131-B219-B305EA04BBAF}
	EndGlobalSection
EndGlobal
